
Microsoft Visual Studio Solution File, Format Version 12.00
# Visual Studio Version 17
VisualStudioVersion = 17.6.33723.286
MinimumVisualStudioVersion = 10.0.40219.1
Project("{8BC9CEB8-8B4A-11D0-8D11-00A0C91BC942}") = "Exercise23", "Exercise23\Exercise23.vcxproj", "{7DD6E146-6921-44FB-BA59-8C0D823FB6D0}"
EndProject
Project("{8BC9CEB8-8B4A-11D0-8D11-00A0C91BC942}") = "Exercise24", "Exercise24\Exercise24.vcxproj", "{A8C00485-DCCD-4CFD-A35E-960D369541B0}"
EndProject
Project("{8BC9CEB8-8B4A-11D0-8D11-00A0C91BC942}") = "Exercise25", "Exercise25\Exercise25.vcxproj", "{AAF86B8E-A648-4358-A401-077982C2D71B}"
EndProject
Project("{8BC9CEB8-8B4A-11D0-8D11-00A0C91BC942}") = "Exercise26", "Exercise26\Exercise26.vcxproj", "{79158EDB-6B4C-4217-86E9-258C3F6B6E50}"
EndProject
Global
	GlobalSection(SolutionConfigurationPlatforms) = preSolution
		Debug|x64 = Debug|x64
		Debug|x86 = Debug|x86
		Release|x64 = Release|x64
		Release|x86 = Release|x86
	EndGlobalSection
	GlobalSection(ProjectConfigurationPlatforms) = postSolution
		{7DD6E146-6921-44FB-BA59-8C0D823FB6D0}.Debug|x64.ActiveCfg = Debug|x64
		{7DD6E146-6921-44FB-BA59-8C0D823FB6D0}.Debug|x64.Build.0 = Debug|x64
		{7DD6E146-6921-44FB-BA59-8C0D823FB6D0}.Debug|x86.ActiveCfg = Debug|Win32
		{7DD6E146-6921-44FB-BA59-8C0D823FB6D0}.Debug|x86.Build.0 = Debug|Win32
		{7DD6E146-6921-44FB-BA59-8C0D823FB6D0}.Release|x64.ActiveCfg = Release|x64
		{7DD6E146-6921-44FB-BA59-8C0D823FB6D0}.Release|x64.Build.0 = Release|x64
		{7DD6E146-6921-44FB-BA59-8C0D823FB6D0}.Release|x86.ActiveCfg = Release|Win32
		{7DD6E146-6921-44FB-BA59-8C0D823FB6D0}.Release|x86.Build.0 = Release|Win32
		{A8C00485-DCCD-4CFD-A35E-960D369541B0}.Debug|x64.ActiveCfg = Debug|x64
		{A8C00485-DCCD-4CFD-A35E-960D369541B0}.Debug|x64.Build.0 = Debug|x64
		{A8C00485-DCCD-4CFD-A35E-960D369541B0}.Debug|x86.ActiveCfg = Debug|Win32
		{A8C00485-DCCD-4CFD-A35E-960D369541B0}.Debug|x86.Build.0 = Debug|Win32
		{A8C00485-DCCD-4CFD-A35E-960D369541B0}.Release|x64.ActiveCfg = Release|x64
		{A8C00485-DCCD-4CFD-A35E-960D369541B0}.Release|x64.Build.0 = Release|x64
		{A8C00485-DCCD-4CFD-A35E-960D369541B0}.Release|x86.ActiveCfg = Release|Win32
		{A8C00485-DCCD-4CFD-A35E-960D369541B0}.Release|x86.Build.0 = Release|Win32
		{AAF86B8E-A648-4358-A401-077982C2D71B}.Debug|x64.ActiveCfg = Debug|x64
		{AAF86B8E-A648-4358-A401-077982C2D71B}.Debug|x64.Build.0 = Debug|x64
		{AAF86B8E-A648-4358-A401-077982C2D71B}.Debug|x86.ActiveCfg = Debug|Win32
		{AAF86B8E-A648-4358-A401-077982C2D71B}.Debug|x86.Build.0 = Debug|Win32
		{AAF86B8E-A648-4358-A401-077982C2D71B}.Release|x64.ActiveCfg = Release|x64
		{AAF86B8E-A648-4358-A401-077982C2D71B}.Release|x64.Build.0 = Release|x64
		{AAF86B8E-A648-4358-A401-077982C2D71B}.Release|x86.ActiveCfg = Release|Win32
		{AAF86B8E-A648-4358-A401-077982C2D71B}.Release|x86.Build.0 = Release|Win32
		{79158EDB-6B4C-4217-86E9-258C3F6B6E50}.Debug|x64.ActiveCfg = Debug|x64
		{79158EDB-6B4C-4217-86E9-258C3F6B6E50}.Debug|x64.Build.0 = Debug|x64
		{79158EDB-6B4C-4217-86E9-258C3F6B6E50}.Debug|x86.ActiveCfg = Debug|Win32
		{79158EDB-6B4C-4217-86E9-258C3F6B6E50}.Debug|x86.Build.0 = Debug|Win32
		{79158EDB-6B4C-4217-86E9-258C3F6B6E50}.Release|x64.ActiveCfg = Release|x64
		{79158EDB-6B4C-4217-86E9-258C3F6B6E50}.Release|x64.Build.0 = Release|x64
		{79158EDB-6B4C-4217-86E9-258C3F6B6E50}.Release|x86.ActiveCfg = Release|Win32
		{79158EDB-6B4C-4217-86E9-258C3F6B6E50}.Release|x86.Build.0 = Release|Win32
	EndGlobalSection
	GlobalSection(SolutionProperties) = preSolution
		HideSolutionNode = FALSE
	EndGlobalSection
	GlobalSection(ExtensibilityGlobals) = postSolution
		SolutionGuid = {C7DA5D5F-F34F-4037-A2CD-91837281CED3}
	EndGlobalSection
EndGlobal
